
Microsoft Visual Studio Solution File, Format Version 12.00
# Visual Studio Version 17
VisualStudioVersion = 17.0.31903.59
MinimumVisualStudioVersion = 10.0.40219.1
Project("{2150E333-8FDC-42A3-9474-1A3956D46DE8}") = "src", "src", "{827E0CD3-B72D-47B6-A68D-7590B98EB39B}"
EndProject
Project("{FAE04EC0-301F-11D3-BF4B-00C04F79EFBC}") = "TunisianEInvoice.Domain", "src\TunisianEInvoice.Domain\TunisianEInvoice.Domain.csproj", "{17F9551B-6296-42F9-9792-FDACB10232D5}"
EndProject
Project("{FAE04EC0-301F-11D3-BF4B-00C04F79EFBC}") = "TunisianEInvoice.Application", "src\TunisianEInvoice.Application\TunisianEInvoice.Application.csproj", "{96095844-DFEC-4F3C-835E-F3D722DA02D1}"
EndProject
Project("{FAE04EC0-301F-11D3-BF4B-00C04F79EFBC}") = "TunisianEInvoice.Infrastructure", "src\TunisianEInvoice.Infrastructure\TunisianEInvoice.Infrastructure.csproj", "{7DD04A2D-204A-4134-9FE9-E4E1BB33FD9E}"
EndProject
Project("{FAE04EC0-301F-11D3-BF4B-00C04F79EFBC}") = "TunisianEInvoice.API", "src\TunisianEInvoice.API\TunisianEInvoice.API.csproj", "{CBC4039F-8FCA-4027-840F-7635CD55F79A}"
EndProject
Project("{2150E333-8FDC-42A3-9474-1A3956D46DE8}") = "tests", "tests", "{0AB3BF05-4346-4AA6-1389-037BE0695223}"
EndProject
Project("{FAE04EC0-301F-11D3-BF4B-00C04F79EFBC}") = "TunisianEInvoice.UnitTests", "tests\TunisianEInvoice.UnitTests\TunisianEInvoice.UnitTests.csproj", "{9045E79F-71AF-4278-8F90-44A6488B2EE0}"
EndProject
Project("{FAE04EC0-301F-11D3-BF4B-00C04F79EFBC}") = "TunisianEInvoice.IntegrationTests", "tests\TunisianEInvoice.IntegrationTests\TunisianEInvoice.IntegrationTests.csproj", "{8DE362BC-ADEE-4D1D-96C6-5D7EFF418065}"
EndProject
Global
	GlobalSection(SolutionConfigurationPlatforms) = preSolution
		Debug|Any CPU = Debug|Any CPU
		Debug|x64 = Debug|x64
		Debug|x86 = Debug|x86
		Release|Any CPU = Release|Any CPU
		Release|x64 = Release|x64
		Release|x86 = Release|x86
	EndGlobalSection
	GlobalSection(ProjectConfigurationPlatforms) = postSolution
		{17F9551B-6296-42F9-9792-FDACB10232D5}.Debug|Any CPU.ActiveCfg = Debug|Any CPU
		{17F9551B-6296-42F9-9792-FDACB10232D5}.Debug|Any CPU.Build.0 = Debug|Any CPU
		{17F9551B-6296-42F9-9792-FDACB10232D5}.Debug|x64.ActiveCfg = Debug|Any CPU
		{17F9551B-6296-42F9-9792-FDACB10232D5}.Debug|x64.Build.0 = Debug|Any CPU
		{17F9551B-6296-42F9-9792-FDACB10232D5}.Debug|x86.ActiveCfg = Debug|Any CPU
		{17F9551B-6296-42F9-9792-FDACB10232D5}.Debug|x86.Build.0 = Debug|Any CPU
		{17F9551B-6296-42F9-9792-FDACB10232D5}.Release|Any CPU.ActiveCfg = Release|Any CPU
		{17F9551B-6296-42F9-9792-FDACB10232D5}.Release|Any CPU.Build.0 = Release|Any CPU
		{17F9551B-6296-42F9-9792-FDACB10232D5}.Release|x64.ActiveCfg = Release|Any CPU
		{17F9551B-6296-42F9-9792-FDACB10232D5}.Release|x64.Build.0 = Release|Any CPU
		{17F9551B-6296-42F9-9792-FDACB10232D5}.Release|x86.ActiveCfg = Release|Any CPU
		{17F9551B-6296-42F9-9792-FDACB10232D5}.Release|x86.Build.0 = Release|Any CPU
		{96095844-DFEC-4F3C-835E-F3D722DA02D1}.Debug|Any CPU.ActiveCfg = Debug|Any CPU
		{96095844-DFEC-4F3C-835E-F3D722DA02D1}.Debug|Any CPU.Build.0 = Debug|Any CPU
		{96095844-DFEC-4F3C-835E-F3D722DA02D1}.Debug|x64.ActiveCfg = Debug|Any CPU
		{96095844-DFEC-4F3C-835E-F3D722DA02D1}.Debug|x64.Build.0 = Debug|Any CPU
		{96095844-DFEC-4F3C-835E-F3D722DA02D1}.Debug|x86.ActiveCfg = Debug|Any CPU
		{96095844-DFEC-4F3C-835E-F3D722DA02D1}.Debug|x86.Build.0 = Debug|Any CPU
		{96095844-DFEC-4F3C-835E-F3D722DA02D1}.Release|Any CPU.ActiveCfg = Release|Any CPU
		{96095844-DFEC-4F3C-835E-F3D722DA02D1}.Release|Any CPU.Build.0 = Release|Any CPU
		{96095844-DFEC-4F3C-835E-F3D722DA02D1}.Release|x64.ActiveCfg = Release|Any CPU
		{96095844-DFEC-4F3C-835E-F3D722DA02D1}.Release|x64.Build.0 = Release|Any CPU
		{96095844-DFEC-4F3C-835E-F3D722DA02D1}.Release|x86.ActiveCfg = Release|Any CPU
		{96095844-DFEC-4F3C-835E-F3D722DA02D1}.Release|x86.Build.0 = Release|Any CPU
		{7DD04A2D-204A-4134-9FE9-E4E1BB33FD9E}.Debug|Any CPU.ActiveCfg = Debug|Any CPU
		{7DD04A2D-204A-4134-9FE9-E4E1BB33FD9E}.Debug|Any CPU.Build.0 = Debug|Any CPU
		{7DD04A2D-204A-4134-9FE9-E4E1BB33FD9E}.Debug|x64.ActiveCfg = Debug|Any CPU
		{7DD04A2D-204A-4134-9FE9-E4E1BB33FD9E}.Debug|x64.Build.0 = Debug|Any CPU
		{7DD04A2D-204A-4134-9FE9-E4E1BB33FD9E}.Debug|x86.ActiveCfg = Debug|Any CPU
		{7DD04A2D-204A-4134-9FE9-E4E1BB33FD9E}.Debug|x86.Build.0 = Debug|Any CPU
		{7DD04A2D-204A-4134-9FE9-E4E1BB33FD9E}.Release|Any CPU.ActiveCfg = Release|Any CPU
		{7DD04A2D-204A-4134-9FE9-E4E1BB33FD9E}.Release|Any CPU.Build.0 = Release|Any CPU
		{7DD04A2D-204A-4134-9FE9-E4E1BB33FD9E}.Release|x64.ActiveCfg = Release|Any CPU
		{7DD04A2D-204A-4134-9FE9-E4E1BB33FD9E}.Release|x64.Build.0 = Release|Any CPU
		{7DD04A2D-204A-4134-9FE9-E4E1BB33FD9E}.Release|x86.ActiveCfg = Release|Any CPU
		{7DD04A2D-204A-4134-9FE9-E4E1BB33FD9E}.Release|x86.Build.0 = Release|Any CPU
		{CBC4039F-8FCA-4027-840F-7635CD55F79A}.Debug|Any CPU.ActiveCfg = Debug|Any CPU
		{CBC4039F-8FCA-4027-840F-7635CD55F79A}.Debug|Any CPU.Build.0 = Debug|Any CPU
		{CBC4039F-8FCA-4027-840F-7635CD55F79A}.Debug|x64.ActiveCfg = Debug|Any CPU
		{CBC4039F-8FCA-4027-840F-7635CD55F79A}.Debug|x64.Build.0 = Debug|Any CPU
		{CBC4039F-8FCA-4027-840F-7635CD55F79A}.Debug|x86.ActiveCfg = Debug|Any CPU
		{CBC4039F-8FCA-4027-840F-7635CD55F79A}.Debug|x86.Build.0 = Debug|Any CPU
		{CBC4039F-8FCA-4027-840F-7635CD55F79A}.Release|Any CPU.ActiveCfg = Release|Any CPU
		{CBC4039F-8FCA-4027-840F-7635CD55F79A}.Release|Any CPU.Build.0 = Release|Any CPU
		{CBC4039F-8FCA-4027-840F-7635CD55F79A}.Release|x64.ActiveCfg = Release|Any CPU
		{CBC4039F-8FCA-4027-840F-7635CD55F79A}.Release|x64.Build.0 = Release|Any CPU
		{CBC4039F-8FCA-4027-840F-7635CD55F79A}.Release|x86.ActiveCfg = Release|Any CPU
		{CBC4039F-8FCA-4027-840F-7635CD55F79A}.Release|x86.Build.0 = Release|Any CPU
		{9045E79F-71AF-4278-8F90-44A6488B2EE0}.Debug|Any CPU.ActiveCfg = Debug|Any CPU
		{9045E79F-71AF-4278-8F90-44A6488B2EE0}.Debug|Any CPU.Build.0 = Debug|Any CPU
		{9045E79F-71AF-4278-8F90-44A6488B2EE0}.Debug|x64.ActiveCfg = Debug|Any CPU
		{9045E79F-71AF-4278-8F90-44A6488B2EE0}.Debug|x64.Build.0 = Debug|Any CPU
		{9045E79F-71AF-4278-8F90-44A6488B2EE0}.Debug|x86.ActiveCfg = Debug|Any CPU
		{9045E79F-71AF-4278-8F90-44A6488B2EE0}.Debug|x86.Build.0 = Debug|Any CPU
		{9045E79F-71AF-4278-8F90-44A6488B2EE0}.Release|Any CPU.ActiveCfg = Release|Any CPU
		{9045E79F-71AF-4278-8F90-44A6488B2EE0}.Release|Any CPU.Build.0 = Release|Any CPU
		{9045E79F-71AF-4278-8F90-44A6488B2EE0}.Release|x64.ActiveCfg = Release|Any CPU
		{9045E79F-71AF-4278-8F90-44A6488B2EE0}.Release|x64.Build.0 = Release|Any CPU
		{9045E79F-71AF-4278-8F90-44A6488B2EE0}.Release|x86.ActiveCfg = Release|Any CPU
		{9045E79F-71AF-4278-8F90-44A6488B2EE0}.Release|x86.Build.0 = Release|Any CPU
		{8DE362BC-ADEE-4D1D-96C6-5D7EFF418065}.Debug|Any CPU.ActiveCfg = Debug|Any CPU
		{8DE362BC-ADEE-4D1D-96C6-5D7EFF418065}.Debug|Any CPU.Build.0 = Debug|Any CPU
		{8DE362BC-ADEE-4D1D-96C6-5D7EFF418065}.Debug|x64.ActiveCfg = Debug|Any CPU
		{8DE362BC-ADEE-4D1D-96C6-5D7EFF418065}.Debug|x64.Build.0 = Debug|Any CPU
		{8DE362BC-ADEE-4D1D-96C6-5D7EFF418065}.Debug|x86.ActiveCfg = Debug|Any CPU
		{8DE362BC-ADEE-4D1D-96C6-5D7EFF418065}.Debug|x86.Build.0 = Debug|Any CPU
		{8DE362BC-ADEE-4D1D-96C6-5D7EFF418065}.Release|Any CPU.ActiveCfg = Release|Any CPU
		{8DE362BC-ADEE-4D1D-96C6-5D7EFF418065}.Release|Any CPU.Build.0 = Release|Any CPU
		{8DE362BC-ADEE-4D1D-96C6-5D7EFF418065}.Release|x64.ActiveCfg = Release|Any CPU
		{8DE362BC-ADEE-4D1D-96C6-5D7EFF418065}.Release|x64.Build.0 = Release|Any CPU
		{8DE362BC-ADEE-4D1D-96C6-5D7EFF418065}.Release|x86.ActiveCfg = Release|Any CPU
		{8DE362BC-ADEE-4D1D-96C6-5D7EFF418065}.Release|x86.Build.0 = Release|Any CPU
	EndGlobalSection
	GlobalSection(SolutionProperties) = preSolution
		HideSolutionNode = FALSE
	EndGlobalSection
	GlobalSection(NestedProjects) = preSolution
		{17F9551B-6296-42F9-9792-FDACB10232D5} = {827E0CD3-B72D-47B6-A68D-7590B98EB39B}
		{96095844-DFEC-4F3C-835E-F3D722DA02D1} = {827E0CD3-B72D-47B6-A68D-7590B98EB39B}
		{7DD04A2D-204A-4134-9FE9-E4E1BB33FD9E} = {827E0CD3-B72D-47B6-A68D-7590B98EB39B}
		{CBC4039F-8FCA-4027-840F-7635CD55F79A} = {827E0CD3-B72D-47B6-A68D-7590B98EB39B}
		{9045E79F-71AF-4278-8F90-44A6488B2EE0} = {0AB3BF05-4346-4AA6-1389-037BE0695223}
		{8DE362BC-ADEE-4D1D-96C6-5D7EFF418065} = {0AB3BF05-4346-4AA6-1389-037BE0695223}
	EndGlobalSection
EndGlobal
